<Solution>
  <Folder Name="/src/">
    <Project Path="src/NodeScope.Api/NodeScope.Api.csproj" />
    <Project Path="src/NodeScope.Contracts/NodeScope.Contracts.csproj" />
    <Project Path="src/NodeScope.Platform.Abstractions/NodeScope.Platform.Abstractions.csproj" />
    <Project Path="src/NodeScope.Platform/NodeScope.Platform.csproj" />
  </Folder>
  <Folder Name="/src/Modules/" />
  <Folder Name="/src/Modules/Assistant/">
    <Project Path="src/Modules/Assistant/NodeScope.Modules.Assistant.Application/NodeScope.Modules.Assistant.Application.csproj" />
    <Project Path="src/Modules/Assistant/NodeScope.Modules.Assistant.Domain/NodeScope.Modules.Assistant.Domain.csproj" />
    <Project Path="src/Modules/Assistant/NodeScope.Modules.Assistant.Infrastructure/NodeScope.Modules.Assistant.Infrastructure.csproj" />
  </Folder>
  <Folder Name="/src/Modules/Identity/">
    <Project Path="src/Modules/Identity/NodeScope.Modules.Identity.Application/NodeScope.Modules.Identity.Application.csproj" />
    <Project Path="src/Modules/Identity/NodeScope.Modules.Identity.Domain/NodeScope.Modules.Identity.Domain.csproj" />
    <Project Path="src/Modules/Identity/NodeScope.Modules.Identity.Infrastructure/NodeScope.Modules.Identity.Infrastructure.csproj" />
  </Folder>
  <Folder Name="/src/Modules/Inventory/">
    <Project Path="src/Modules/Inventory/NodeScope.Modules.Inventory.Application/NodeScope.Modules.Inventory.Application.csproj" />
    <Project Path="src/Modules/Inventory/NodeScope.Modules.Inventory.Domain/NodeScope.Modules.Inventory.Domain.csproj" />
    <Project Path="src/Modules/Inventory/NodeScope.Modules.Inventory.Infrastructure/NodeScope.Modules.Inventory.Infrastructure.csproj" />
  </Folder>
  <Folder Name="/src/Modules/Monitoring/">
    <Project Path="src/Modules/Monitoring/NodeScope.Modules.Monitoring.Application/NodeScope.Modules.Monitoring.Application.csproj" />
    <Project Path="src/Modules/Monitoring/NodeScope.Modules.Monitoring.Domain/NodeScope.Modules.Monitoring.Domain.csproj" />
    <Project Path="src/Modules/Monitoring/NodeScope.Modules.Monitoring.Infrastructure/NodeScope.Modules.Monitoring.Infrastructure.csproj" />
  </Folder>
  <Folder Name="/src/Modules/Realtime/">
    <Project Path="src/Modules/Realtime/NodeScope.Modules.Realtime.Application/NodeScope.Modules.Realtime.Application.csproj" />
    <Project Path="src/Modules/Realtime/NodeScope.Modules.Realtime.Domain/NodeScope.Modules.Realtime.Domain.csproj" />
    <Project Path="src/Modules/Realtime/NodeScope.Modules.Realtime.Infrastructure/NodeScope.Modules.Realtime.Infrastructure.csproj" />
  </Folder>
  <Folder Name="/tests/">
    <Project Path="tests/NodeScope.ArchitectureTests/NodeScope.ArchitectureTests.csproj" />
    <Project Path="tests/NodeScope.ContractTests/NodeScope.ContractTests.csproj" />
  </Folder>
</Solution>
